# This file is automatically @generated by Cargo.
# It is not intended for manual editing.
version = 3

[[package]]
name = "ga_cayley"
version = "0.1.0"
dependencies = [
 "geometric_algebra",
]

[[package]]
name = "geometric_algebra"
version = "0.1.0"

[[package]]
name = "octahedral_cayley"
version = "0.1.0"
dependencies = [
 "permutations",
]

[[package]]
name = "permutations"
version = "0.1.0"
